
Microsoft Visual Studio Solution File, Format Version 12.00
# Visual Studio 2012
Project("{FAE04EC0-301F-11D3-BF4B-00C04F79EFBC}") = "GuessTheSecretNumber", "GuessTheSecretNumber\GuessTheSecretNumber.csproj", "{7AA4D26C-CD9B-4D21-9847-9163A2298786}"
EndProject
Global
	GlobalSection(SolutionConfigurationPlatforms) = preSolution
		Debug|Any CPU = Debug|Any CPU
		Release|Any CPU = Release|Any CPU
	EndGlobalSection
	GlobalSection(ProjectConfigurationPlatforms) = postSolution
		{7AA4D26C-CD9B-4D21-9847-9163A2298786}.Debug|Any CPU.ActiveCfg = Debug|Any CPU
		{7AA4D26C-CD9B-4D21-9847-9163A2298786}.Debug|Any CPU.Build.0 = Debug|Any CPU
		{7AA4D26C-CD9B-4D21-9847-9163A2298786}.Release|Any CPU.ActiveCfg = Release|Any CPU
		{7AA4D26C-CD9B-4D21-9847-9163A2298786}.Release|Any CPU.Build.0 = Release|Any CPU
	EndGlobalSection
	GlobalSection(SolutionProperties) = preSolution
		HideSolutionNode = FALSE
	EndGlobalSection
EndGlobal
